<?xml version="1.0" encoding="utf-8"?>
<Project ToolsVersion="4.0" xmlns="http://schemas.microsoft.com/developer/msbuild/2003">
  <ItemGroup>
    <None Include="ReadMe.txt" />
  </ItemGroup>
  <ItemGroup>
    <Filter Include="Header Files">
      <UniqueIdentifier>{ca5796d4-68b1-4155-a68b-1ee438b41642}</UniqueIdentifier>
    </Filter>
    <Filter Include="Source Files">
      <UniqueIdentifier>{5dbb74ae-a9e8-4c90-96c8-110495b855f3}</UniqueIdentifier>
    </Filter>
  </ItemGroup>
  <ItemGroup>
    <ClCompile Include="PathFindingTLv1.cpp">
      <Filter>Source Files</Filter>
    </ClCompile>
    <ClCompile Include="SearchFactory.cpp">
      <Filter>Source Files</Filter>
    </ClCompile>
    <ClCompile Include="CMapInput.cpp">
      <Filter>Source Files</Filter>
    </ClCompile>
    <ClCompile Include="CSearchAStar.cpp">
      <Filter>Source Files</Filter>
    </ClCompile>
    <ClCompile Include="CSearchBestFirst.cpp">
      <Filter>Source Files</Filter>
    </ClCompile>
    <ClCompile Include="CSearchBreadthFirst.cpp">
      <Filter>Source Files</Filter>
    </ClCompile>
    <ClCompile Include="CSearchDepthFirst.cpp">
      <Filter>Source Files</Filter>
    </ClCompile>
    <ClCompile Include="CSearchHillClimbing.cpp">
      <Filter>Source Files</Filter>
    </ClCompile>
  </ItemGroup>
  <ItemGroup>
    <ClInclude Include="SearchFactory.hpp">
      <Filter>Header Files</Filter>
    </ClInclude>
    <ClInclude Include="CMapInput.hpp">
      <Filter>Header Files</Filter>
    </ClInclude>
    <ClInclude Include="CSearchAStar.hpp">
      <Filter>Header Files</Filter>
    </ClInclude>
    <ClInclude Include="CSearchBestFirst.hpp">
      <Filter>Header Files</Filter>
    </ClInclude>
    <ClInclude Include="CSearchBreadthFirst.hpp">
      <Filter>Header Files</Filter>
    </ClInclude>
    <ClInclude Include="CSearchDepthFirst.hpp">
      <Filter>Header Files</Filter>
    </ClInclude>
    <ClInclude Include="CSearchHillClimbing.hpp">
      <Filter>Header Files</Filter>
    </ClInclude>
    <ClInclude Include="Definitions.hpp">
      <Filter>Header Files</Filter>
    </ClInclude>
    <ClInclude Include="Search.hpp">
      <Filter>Header Files</Filter>
    </ClInclude>
  </ItemGroup>
</Project>